
Microsoft Visual Studio Solution File, Format Version 12.00
# Visual Studio Version 16
VisualStudioVersion = 16.0.29319.158
MinimumVisualStudioVersion = 10.0.40219.1
Project("{8BC9CEB8-8B4A-11D0-8D11-00A0C91BC942}") = "Horizon.Client", "Horizon.Client\Horizon.Client.vcxproj", "{0C2DF75B-F733-433E-8E2B-C8B438595407}"
EndProject
Project("{FAE04EC0-301F-11D3-BF4B-00C04F79EFBC}") = "Horizon.Server", "Horizon.Server\Horizon.Server.csproj", "{8D868D73-9DA3-4E78-9941-716D766223C4}"
EndProject
Project("{FAE04EC0-301F-11D3-BF4B-00C04F79EFBC}") = "Horizon.Console", "Horizon.Console\Horizon.Console.csproj", "{0B7F8016-2E3B-4954-BDB7-0191AA697575}"
EndProject
Project("{FAE04EC0-301F-11D3-BF4B-00C04F79EFBC}") = "Horizon.Web", "Horizon.Web\Horizon.Web.csproj", "{A9665B06-B340-4BD5-8530-449B81F4993D}"
EndProject
Project("{00D1A9C2-B5F0-4AF3-8072-F6C62B433612}") = "Horizon.Data", "Horizon.Data\Horizon.Data.sqlproj", "{BE69F4FF-FF97-4630-997D-6CA387EB762E}"
EndProject
Project("{FAE04EC0-301F-11D3-BF4B-00C04F79EFBC}") = "Horizon.Server.UWP", "Horizon.Server.UWP\Horizon.Server.UWP.csproj", "{5A4C2191-2B38-4E2E-B404-0F3F90F56517}"
EndProject
Global
	GlobalSection(SolutionConfigurationPlatforms) = preSolution
		Debug|Any CPU = Debug|Any CPU
		Debug|ARM = Debug|ARM
		Debug|ARM64 = Debug|ARM64
		Debug|x64 = Debug|x64
		Debug|x86 = Debug|x86
		Release|Any CPU = Release|Any CPU
		Release|ARM = Release|ARM
		Release|ARM64 = Release|ARM64
		Release|x64 = Release|x64
		Release|x86 = Release|x86
	EndGlobalSection
	GlobalSection(ProjectConfigurationPlatforms) = postSolution
		{0C2DF75B-F733-433E-8E2B-C8B438595407}.Debug|Any CPU.ActiveCfg = Debug|Win32
		{0C2DF75B-F733-433E-8E2B-C8B438595407}.Debug|ARM.ActiveCfg = Debug|Win32
		{0C2DF75B-F733-433E-8E2B-C8B438595407}.Debug|ARM64.ActiveCfg = Debug|Win32
		{0C2DF75B-F733-433E-8E2B-C8B438595407}.Debug|x64.ActiveCfg = Debug|x64
		{0C2DF75B-F733-433E-8E2B-C8B438595407}.Debug|x64.Build.0 = Debug|x64
		{0C2DF75B-F733-433E-8E2B-C8B438595407}.Debug|x86.ActiveCfg = Debug|Win32
		{0C2DF75B-F733-433E-8E2B-C8B438595407}.Debug|x86.Build.0 = Debug|Win32
		{0C2DF75B-F733-433E-8E2B-C8B438595407}.Release|Any CPU.ActiveCfg = Release|Win32
		{0C2DF75B-F733-433E-8E2B-C8B438595407}.Release|ARM.ActiveCfg = Release|Win32
		{0C2DF75B-F733-433E-8E2B-C8B438595407}.Release|ARM64.ActiveCfg = Release|Win32
		{0C2DF75B-F733-433E-8E2B-C8B438595407}.Release|x64.ActiveCfg = Release|x64
		{0C2DF75B-F733-433E-8E2B-C8B438595407}.Release|x64.Build.0 = Release|x64
		{0C2DF75B-F733-433E-8E2B-C8B438595407}.Release|x86.ActiveCfg = Release|Win32
		{0C2DF75B-F733-433E-8E2B-C8B438595407}.Release|x86.Build.0 = Release|Win32
		{8D868D73-9DA3-4E78-9941-716D766223C4}.Debug|Any CPU.ActiveCfg = Debug|Any CPU
		{8D868D73-9DA3-4E78-9941-716D766223C4}.Debug|Any CPU.Build.0 = Debug|Any CPU
		{8D868D73-9DA3-4E78-9941-716D766223C4}.Debug|ARM.ActiveCfg = Debug|Any CPU
		{8D868D73-9DA3-4E78-9941-716D766223C4}.Debug|ARM.Build.0 = Debug|Any CPU
		{8D868D73-9DA3-4E78-9941-716D766223C4}.Debug|ARM64.ActiveCfg = Debug|Any CPU
		{8D868D73-9DA3-4E78-9941-716D766223C4}.Debug|ARM64.Build.0 = Debug|Any CPU
		{8D868D73-9DA3-4E78-9941-716D766223C4}.Debug|x64.ActiveCfg = Debug|Any CPU
		{8D868D73-9DA3-4E78-9941-716D766223C4}.Debug|x64.Build.0 = Debug|Any CPU
		{8D868D73-9DA3-4E78-9941-716D766223C4}.Debug|x86.ActiveCfg = Debug|Any CPU
		{8D868D73-9DA3-4E78-9941-716D766223C4}.Debug|x86.Build.0 = Debug|Any CPU
		{8D868D73-9DA3-4E78-9941-716D766223C4}.Release|Any CPU.ActiveCfg = Release|Any CPU
		{8D868D73-9DA3-4E78-9941-716D766223C4}.Release|Any CPU.Build.0 = Release|Any CPU
		{8D868D73-9DA3-4E78-9941-716D766223C4}.Release|ARM.ActiveCfg = Release|Any CPU
		{8D868D73-9DA3-4E78-9941-716D766223C4}.Release|ARM.Build.0 = Release|Any CPU
		{8D868D73-9DA3-4E78-9941-716D766223C4}.Release|ARM64.ActiveCfg = Release|Any CPU
		{8D868D73-9DA3-4E78-9941-716D766223C4}.Release|ARM64.Build.0 = Release|Any CPU
		{8D868D73-9DA3-4E78-9941-716D766223C4}.Release|x64.ActiveCfg = Release|Any CPU
		{8D868D73-9DA3-4E78-9941-716D766223C4}.Release|x64.Build.0 = Release|Any CPU
		{8D868D73-9DA3-4E78-9941-716D766223C4}.Release|x86.ActiveCfg = Release|Any CPU
		{8D868D73-9DA3-4E78-9941-716D766223C4}.Release|x86.Build.0 = Release|Any CPU
		{0B7F8016-2E3B-4954-BDB7-0191AA697575}.Debug|Any CPU.ActiveCfg = Debug|Any CPU
		{0B7F8016-2E3B-4954-BDB7-0191AA697575}.Debug|Any CPU.Build.0 = Debug|Any CPU
		{0B7F8016-2E3B-4954-BDB7-0191AA697575}.Debug|ARM.ActiveCfg = Debug|Any CPU
		{0B7F8016-2E3B-4954-BDB7-0191AA697575}.Debug|ARM.Build.0 = Debug|Any CPU
		{0B7F8016-2E3B-4954-BDB7-0191AA697575}.Debug|ARM64.ActiveCfg = Debug|Any CPU
		{0B7F8016-2E3B-4954-BDB7-0191AA697575}.Debug|ARM64.Build.0 = Debug|Any CPU
		{0B7F8016-2E3B-4954-BDB7-0191AA697575}.Debug|x64.ActiveCfg = Debug|Any CPU
		{0B7F8016-2E3B-4954-BDB7-0191AA697575}.Debug|x64.Build.0 = Debug|Any CPU
		{0B7F8016-2E3B-4954-BDB7-0191AA697575}.Debug|x86.ActiveCfg = Debug|Any CPU
		{0B7F8016-2E3B-4954-BDB7-0191AA697575}.Debug|x86.Build.0 = Debug|Any CPU
		{0B7F8016-2E3B-4954-BDB7-0191AA697575}.Release|Any CPU.ActiveCfg = Release|Any CPU
		{0B7F8016-2E3B-4954-BDB7-0191AA697575}.Release|Any CPU.Build.0 = Release|Any CPU
		{0B7F8016-2E3B-4954-BDB7-0191AA697575}.Release|ARM.ActiveCfg = Release|Any CPU
		{0B7F8016-2E3B-4954-BDB7-0191AA697575}.Release|ARM.Build.0 = Release|Any CPU
		{0B7F8016-2E3B-4954-BDB7-0191AA697575}.Release|ARM64.ActiveCfg = Release|Any CPU
		{0B7F8016-2E3B-4954-BDB7-0191AA697575}.Release|ARM64.Build.0 = Release|Any CPU
		{0B7F8016-2E3B-4954-BDB7-0191AA697575}.Release|x64.ActiveCfg = Release|Any CPU
		{0B7F8016-2E3B-4954-BDB7-0191AA697575}.Release|x64.Build.0 = Release|Any CPU
		{0B7F8016-2E3B-4954-BDB7-0191AA697575}.Release|x86.ActiveCfg = Release|Any CPU
		{0B7F8016-2E3B-4954-BDB7-0191AA697575}.Release|x86.Build.0 = Release|Any CPU
		{A9665B06-B340-4BD5-8530-449B81F4993D}.Debug|Any CPU.ActiveCfg = Debug|Any CPU
		{A9665B06-B340-4BD5-8530-449B81F4993D}.Debug|Any CPU.Build.0 = Debug|Any CPU
		{A9665B06-B340-4BD5-8530-449B81F4993D}.Debug|ARM.ActiveCfg = Debug|Any CPU
		{A9665B06-B340-4BD5-8530-449B81F4993D}.Debug|ARM.Build.0 = Debug|Any CPU
		{A9665B06-B340-4BD5-8530-449B81F4993D}.Debug|ARM64.ActiveCfg = Debug|Any CPU
		{A9665B06-B340-4BD5-8530-449B81F4993D}.Debug|ARM64.Build.0 = Debug|Any CPU
		{A9665B06-B340-4BD5-8530-449B81F4993D}.Debug|x64.ActiveCfg = Debug|Any CPU
		{A9665B06-B340-4BD5-8530-449B81F4993D}.Debug|x64.Build.0 = Debug|Any CPU
		{A9665B06-B340-4BD5-8530-449B81F4993D}.Debug|x86.ActiveCfg = Debug|Any CPU
		{A9665B06-B340-4BD5-8530-449B81F4993D}.Debug|x86.Build.0 = Debug|Any CPU
		{A9665B06-B340-4BD5-8530-449B81F4993D}.Release|Any CPU.ActiveCfg = Release|Any CPU
		{A9665B06-B340-4BD5-8530-449B81F4993D}.Release|Any CPU.Build.0 = Release|Any CPU
		{A9665B06-B340-4BD5-8530-449B81F4993D}.Release|ARM.ActiveCfg = Release|Any CPU
		{A9665B06-B340-4BD5-8530-449B81F4993D}.Release|ARM.Build.0 = Release|Any CPU
		{A9665B06-B340-4BD5-8530-449B81F4993D}.Release|ARM64.ActiveCfg = Release|Any CPU
		{A9665B06-B340-4BD5-8530-449B81F4993D}.Release|ARM64.Build.0 = Release|Any CPU
		{A9665B06-B340-4BD5-8530-449B81F4993D}.Release|x64.ActiveCfg = Release|Any CPU
		{A9665B06-B340-4BD5-8530-449B81F4993D}.Release|x64.Build.0 = Release|Any CPU
		{A9665B06-B340-4BD5-8530-449B81F4993D}.Release|x86.ActiveCfg = Release|Any CPU
		{A9665B06-B340-4BD5-8530-449B81F4993D}.Release|x86.Build.0 = Release|Any CPU
		{BE69F4FF-FF97-4630-997D-6CA387EB762E}.Debug|Any CPU.ActiveCfg = Debug|Any CPU
		{BE69F4FF-FF97-4630-997D-6CA387EB762E}.Debug|Any CPU.Build.0 = Debug|Any CPU
		{BE69F4FF-FF97-4630-997D-6CA387EB762E}.Debug|Any CPU.Deploy.0 = Debug|Any CPU
		{BE69F4FF-FF97-4630-997D-6CA387EB762E}.Debug|ARM.ActiveCfg = Debug|Any CPU
		{BE69F4FF-FF97-4630-997D-6CA387EB762E}.Debug|ARM.Build.0 = Debug|Any CPU
		{BE69F4FF-FF97-4630-997D-6CA387EB762E}.Debug|ARM.Deploy.0 = Debug|Any CPU
		{BE69F4FF-FF97-4630-997D-6CA387EB762E}.Debug|ARM64.ActiveCfg = Debug|Any CPU
		{BE69F4FF-FF97-4630-997D-6CA387EB762E}.Debug|ARM64.Build.0 = Debug|Any CPU
		{BE69F4FF-FF97-4630-997D-6CA387EB762E}.Debug|ARM64.Deploy.0 = Debug|Any CPU
		{BE69F4FF-FF97-4630-997D-6CA387EB762E}.Debug|x64.ActiveCfg = Debug|Any CPU
		{BE69F4FF-FF97-4630-997D-6CA387EB762E}.Debug|x64.Build.0 = Debug|Any CPU
		{BE69F4FF-FF97-4630-997D-6CA387EB762E}.Debug|x64.Deploy.0 = Debug|Any CPU
		{BE69F4FF-FF97-4630-997D-6CA387EB762E}.Debug|x86.ActiveCfg = Debug|Any CPU
		{BE69F4FF-FF97-4630-997D-6CA387EB762E}.Debug|x86.Build.0 = Debug|Any CPU
		{BE69F4FF-FF97-4630-997D-6CA387EB762E}.Debug|x86.Deploy.0 = Debug|Any CPU
		{BE69F4FF-FF97-4630-997D-6CA387EB762E}.Release|Any CPU.ActiveCfg = Release|Any CPU
		{BE69F4FF-FF97-4630-997D-6CA387EB762E}.Release|Any CPU.Build.0 = Release|Any CPU
		{BE69F4FF-FF97-4630-997D-6CA387EB762E}.Release|Any CPU.Deploy.0 = Release|Any CPU
		{BE69F4FF-FF97-4630-997D-6CA387EB762E}.Release|ARM.ActiveCfg = Release|Any CPU
		{BE69F4FF-FF97-4630-997D-6CA387EB762E}.Release|ARM.Build.0 = Release|Any CPU
		{BE69F4FF-FF97-4630-997D-6CA387EB762E}.Release|ARM.Deploy.0 = Release|Any CPU
		{BE69F4FF-FF97-4630-997D-6CA387EB762E}.Release|ARM64.ActiveCfg = Release|Any CPU
		{BE69F4FF-FF97-4630-997D-6CA387EB762E}.Release|ARM64.Build.0 = Release|Any CPU
		{BE69F4FF-FF97-4630-997D-6CA387EB762E}.Release|ARM64.Deploy.0 = Release|Any CPU
		{BE69F4FF-FF97-4630-997D-6CA387EB762E}.Release|x64.ActiveCfg = Release|Any CPU
		{BE69F4FF-FF97-4630-997D-6CA387EB762E}.Release|x64.Build.0 = Release|Any CPU
		{BE69F4FF-FF97-4630-997D-6CA387EB762E}.Release|x64.Deploy.0 = Release|Any CPU
		{BE69F4FF-FF97-4630-997D-6CA387EB762E}.Release|x86.ActiveCfg = Release|Any CPU
		{BE69F4FF-FF97-4630-997D-6CA387EB762E}.Release|x86.Build.0 = Release|Any CPU
		{BE69F4FF-FF97-4630-997D-6CA387EB762E}.Release|x86.Deploy.0 = Release|Any CPU
		{5A4C2191-2B38-4E2E-B404-0F3F90F56517}.Debug|Any CPU.ActiveCfg = Debug|x86
		{5A4C2191-2B38-4E2E-B404-0F3F90F56517}.Debug|ARM.ActiveCfg = Debug|ARM
		{5A4C2191-2B38-4E2E-B404-0F3F90F56517}.Debug|ARM.Build.0 = Debug|ARM
		{5A4C2191-2B38-4E2E-B404-0F3F90F56517}.Debug|ARM.Deploy.0 = Debug|ARM
		{5A4C2191-2B38-4E2E-B404-0F3F90F56517}.Debug|ARM64.ActiveCfg = Debug|ARM64
		{5A4C2191-2B38-4E2E-B404-0F3F90F56517}.Debug|ARM64.Build.0 = Debug|ARM64
		{5A4C2191-2B38-4E2E-B404-0F3F90F56517}.Debug|ARM64.Deploy.0 = Debug|ARM64
		{5A4C2191-2B38-4E2E-B404-0F3F90F56517}.Debug|x64.ActiveCfg = Debug|x64
		{5A4C2191-2B38-4E2E-B404-0F3F90F56517}.Debug|x64.Build.0 = Debug|x64
		{5A4C2191-2B38-4E2E-B404-0F3F90F56517}.Debug|x64.Deploy.0 = Debug|x64
		{5A4C2191-2B38-4E2E-B404-0F3F90F56517}.Debug|x86.ActiveCfg = Debug|x86
		{5A4C2191-2B38-4E2E-B404-0F3F90F56517}.Debug|x86.Build.0 = Debug|x86
		{5A4C2191-2B38-4E2E-B404-0F3F90F56517}.Debug|x86.Deploy.0 = Debug|x86
		{5A4C2191-2B38-4E2E-B404-0F3F90F56517}.Release|Any CPU.ActiveCfg = Release|x86
		{5A4C2191-2B38-4E2E-B404-0F3F90F56517}.Release|ARM.ActiveCfg = Release|ARM
		{5A4C2191-2B38-4E2E-B404-0F3F90F56517}.Release|ARM.Build.0 = Release|ARM
		{5A4C2191-2B38-4E2E-B404-0F3F90F56517}.Release|ARM.Deploy.0 = Release|ARM
		{5A4C2191-2B38-4E2E-B404-0F3F90F56517}.Release|ARM64.ActiveCfg = Release|ARM64
		{5A4C2191-2B38-4E2E-B404-0F3F90F56517}.Release|ARM64.Build.0 = Release|ARM64
		{5A4C2191-2B38-4E2E-B404-0F3F90F56517}.Release|ARM64.Deploy.0 = Release|ARM64
		{5A4C2191-2B38-4E2E-B404-0F3F90F56517}.Release|x64.ActiveCfg = Release|x64
		{5A4C2191-2B38-4E2E-B404-0F3F90F56517}.Release|x64.Build.0 = Release|x64
		{5A4C2191-2B38-4E2E-B404-0F3F90F56517}.Release|x64.Deploy.0 = Release|x64
		{5A4C2191-2B38-4E2E-B404-0F3F90F56517}.Release|x86.ActiveCfg = Release|x86
		{5A4C2191-2B38-4E2E-B404-0F3F90F56517}.Release|x86.Build.0 = Release|x86
		{5A4C2191-2B38-4E2E-B404-0F3F90F56517}.Release|x86.Deploy.0 = Release|x86
	EndGlobalSection
	GlobalSection(SolutionProperties) = preSolution
		HideSolutionNode = FALSE
	EndGlobalSection
	GlobalSection(ExtensibilityGlobals) = postSolution
		SolutionGuid = {EF8BF47D-4F3D-4176-994D-1B449D8FA74B}
	EndGlobalSection
EndGlobal
